
Microsoft Visual Studio Solution File, Format Version 12.00
# Visual Studio for Mac
Project("{FAE04EC0-301F-11D3-BF4B-00C04F79EFBC}") = "Assembly-CSharp", "Assembly-CSharp.csproj", "{57D7B775-D7D0-96EF-A537-9335EA013C38}"
EndProject
Project("{FAE04EC0-301F-11D3-BF4B-00C04F79EFBC}") = "Assembly-CSharp-firstpass", "Assembly-CSharp-firstpass.csproj", "{DB9AF324-EA51-9884-0F70-F5E7F168A231}"
EndProject
Project("{FAE04EC0-301F-11D3-BF4B-00C04F79EFBC}") = "Assembly-CSharp-Editor-firstpass", "Assembly-CSharp-Editor-firstpass.csproj", "{7F4CA0BA-CD86-A97C-7C46-6FC447C34D66}"
EndProject
Global
	GlobalSection(SolutionConfigurationPlatforms) = preSolution
		Debug|Any CPU = Debug|Any CPU
		Release|Any CPU = Release|Any CPU
	EndGlobalSection
	GlobalSection(ProjectConfigurationPlatforms) = postSolution
		{57D7B775-D7D0-96EF-A537-9335EA013C38}.Debug|Any CPU.ActiveCfg = Debug|Any CPU
		{57D7B775-D7D0-96EF-A537-9335EA013C38}.Debug|Any CPU.Build.0 = Debug|Any CPU
		{57D7B775-D7D0-96EF-A537-9335EA013C38}.Release|Any CPU.ActiveCfg = Release|Any CPU
		{57D7B775-D7D0-96EF-A537-9335EA013C38}.Release|Any CPU.Build.0 = Release|Any CPU
		{DB9AF324-EA51-9884-0F70-F5E7F168A231}.Debug|Any CPU.ActiveCfg = Debug|Any CPU
		{DB9AF324-EA51-9884-0F70-F5E7F168A231}.Debug|Any CPU.Build.0 = Debug|Any CPU
		{DB9AF324-EA51-9884-0F70-F5E7F168A231}.Release|Any CPU.ActiveCfg = Release|Any CPU
		{DB9AF324-EA51-9884-0F70-F5E7F168A231}.Release|Any CPU.Build.0 = Release|Any CPU
		{7F4CA0BA-CD86-A97C-7C46-6FC447C34D66}.Debug|Any CPU.ActiveCfg = Debug|Any CPU
		{7F4CA0BA-CD86-A97C-7C46-6FC447C34D66}.Debug|Any CPU.Build.0 = Debug|Any CPU
		{7F4CA0BA-CD86-A97C-7C46-6FC447C34D66}.Release|Any CPU.ActiveCfg = Release|Any CPU
		{7F4CA0BA-CD86-A97C-7C46-6FC447C34D66}.Release|Any CPU.Build.0 = Release|Any CPU
	EndGlobalSection
	GlobalSection(SolutionProperties) = preSolution
		HideSolutionNode = FALSE
	EndGlobalSection
EndGlobal
